
Microsoft Visual Studio Solution File, Format Version 12.00
# Visual Studio Version 16
VisualStudioVersion = 16.0.31911.196
MinimumVisualStudioVersion = 10.0.40219.1
Project("{FAE04EC0-301F-11D3-BF4B-00C04F79EFBC}") = "AdvertApi", "AdvertApi.csproj", "{FAD865CF-7D27-4A75-9A9D-D31ADCE146C5}"
EndProject
Project("{FAE04EC0-301F-11D3-BF4B-00C04F79EFBC}") = "AdvertApi.Models", "..\AdvertApi.Models\AdvertApi.Models.csproj", "{D5B222F1-B7E5-4781-8F1B-B547DE71A4AF}"
EndProject
Global
	GlobalSection(SolutionConfigurationPlatforms) = preSolution
		Debug|Any CPU = Debug|Any CPU
		Release|Any CPU = Release|Any CPU
	EndGlobalSection
	GlobalSection(ProjectConfigurationPlatforms) = postSolution
		{FAD865CF-7D27-4A75-9A9D-D31ADCE146C5}.Debug|Any CPU.ActiveCfg = Debug|Any CPU
		{FAD865CF-7D27-4A75-9A9D-D31ADCE146C5}.Debug|Any CPU.Build.0 = Debug|Any CPU
		{FAD865CF-7D27-4A75-9A9D-D31ADCE146C5}.Release|Any CPU.ActiveCfg = Release|Any CPU
		{FAD865CF-7D27-4A75-9A9D-D31ADCE146C5}.Release|Any CPU.Build.0 = Release|Any CPU
		{D5B222F1-B7E5-4781-8F1B-B547DE71A4AF}.Debug|Any CPU.ActiveCfg = Debug|Any CPU
		{D5B222F1-B7E5-4781-8F1B-B547DE71A4AF}.Debug|Any CPU.Build.0 = Debug|Any CPU
		{D5B222F1-B7E5-4781-8F1B-B547DE71A4AF}.Release|Any CPU.ActiveCfg = Release|Any CPU
		{D5B222F1-B7E5-4781-8F1B-B547DE71A4AF}.Release|Any CPU.Build.0 = Release|Any CPU
	EndGlobalSection
	GlobalSection(SolutionProperties) = preSolution
		HideSolutionNode = FALSE
	EndGlobalSection
	GlobalSection(ExtensibilityGlobals) = postSolution
		SolutionGuid = {C7FE283A-C0D7-414B-96B4-311A8FBE4B41}
	EndGlobalSection
EndGlobal
